
Microsoft Visual Studio Solution File, Format Version 12.00
Project("{FAE04EC0-301F-11D3-BF4B-00C04F79EFBC}") = "App", "App.csproj", "{1314713D-869B-4D91-9822-9AF9F13406CA}"
EndProject
Global
	GlobalSection(SolutionConfigurationPlatforms) = preSolution
		Debug|Any CPU = Debug|Any CPU
	EndGlobalSection
	GlobalSection(ProjectConfigurationPlatforms) = postSolution
		{1314713D-869B-4D91-9822-9AF9F13406CA}.Debug|Any CPU.ActiveCfg = Debug|Any CPU
		{1314713D-869B-4D91-9822-9AF9F13406CA}.Debug|Any CPU.Build.0 = Debug|Any CPU
	EndGlobalSection
EndGlobal
